// !$*UTF8*$!
{
	archiveVersion = 1;
	classes = {
	};
	objectVersion = 50;
	objects = {

/* Begin PBXBuildFile section */
		4D4E5B9322EEBFC600943CB5 /* AppDelegate.swift in Sources */ = {isa = PBXBuildFile; fileRef = 4D4E5B9222EEBFC600943CB5 /* AppDelegate.swift */; };
		4D4E5B9522EEBFC600943CB5 /* ViewController.swift in Sources */ = {isa = PBXBuildFile; fileRef = 4D4E5B9422EEBFC600943CB5 /* ViewController.swift */; };
		4D4E5B9822EEBFC600943CB5 /* Main.storyboard in Resources */ = {isa = PBXBuildFile; fileRef = 4D4E5B9622EEBFC600943CB5 /* Main.storyboard */; };
		4D4E5B9A22EEBFC700943CB5 /* Assets.xcassets in Resources */ = {isa = PBXBuildFile; fileRef = 4D4E5B9922EEBFC700943CB5 /* Assets.xcassets */; };
		4D4E5B9D22EEBFC700943CB5 /* LaunchScreen.storyboard in Resources */ = {isa = PBXBuildFile; fileRef = 4D4E5B9B22EEBFC700943CB5 /* LaunchScreen.storyboard */; };
		4D4E5BA522EEC03100943CB5 /* NodeClass.swift in Sources */ = {isa = PBXBuildFile; fileRef = 4D4E5BA422EEC03100943CB5 /* NodeClass.swift */; };
/* End PBXBuildFile section */

/* Begin PBXFileReference section */
		4D4E5B8F22EEBFC600943CB5 /* SinglyLinkedList.app */ = {isa = PBXFileReference; explicitFileType = wrapper.application; includeInIndex = 0; path = SinglyLinkedList.app; sourceTree = BUILT_PRODUCTS_DIR; };
		4D4E5B9222EEBFC600943CB5 /* AppDelegate.swift */ = {isa = PBXFileReference; lastKnownFileType = sourcecode.swift; path = AppDelegate.swift; sourceTree = "<group>"; };
		4D4E5B9422EEBFC600943CB5 /* ViewController.swift */ = {isa = PBXFileReference; lastKnownFileType = sourcecode.swift; path = ViewController.swift; sourceTree = "<group>"; };
		4D4E5B9722EEBFC600943CB5 /* Base */ = {isa = PBXFileReference; lastKnownFileType = file.storyboard; name = Base; path = Base.lproj/Main.storyboard; sourceTree = "<group>"; };
		4D4E5B9922EEBFC700943CB5 /* Assets.xcassets */ = {isa = PBXFileReference; lastKnownFileType = folder.assetcatalog; path = Assets.xcassets; sourceTree = "<group>"; };
		4D4E5B9C22EEBFC700943CB5 /* Base */ = {isa = PBXFileReference; lastKnownFileType = file.storyboard; name = Base; path = Base.lproj/LaunchScreen.storyboard; sourceTree = "<group>"; };
		4D4E5B9E22EEBFC700943CB5 /* Info.plist */ = {isa = PBXFileReference; lastKnownFileType = text.plist.xml; path = Info.plist; sourceTree = "<group>"; };
		4D4E5BA422EEC03100943CB5 /* NodeClass.swift */ = {isa = PBXFileReference; lastKnownFileType = sourcecode.swift; path = NodeClass.swift; sourceTree = "<group>"; };
/* End PBXFileReference section */

/* Begin PBXFrameworksBuildPhase section */
		4D4E5B8C22EEBFC600943CB5 /* Frameworks */ = {
			isa = PBXFrameworksBuildPhase;
			buildActionMask = 2147483647;
			files = (
			);
			runOnlyForDeploymentPostprocessing = 0;
		};
/* End PBXFrameworksBuildPhase section */

/* Begin PBXGroup section */
		4D4E5B8622EEBFC600943CB5 = {
			isa = PBXGroup;
			children = (
				4D4E5B9122EEBFC600943CB5 /* SinglyLinkedList */,
				4D4E5B9022EEBFC600943CB5 /* Products */,
			);
			sourceTree = "<group>";
		};
		4D4E5B9022EEBFC600943CB5 /* Products */ = {
			isa = PBXGroup;
			children = (
				4D4E5B8F22EEBFC600943CB5 /* SinglyLinkedList.app */,
			);
			name = Products;
			sourceTree = "<group>";
		};
		4D4E5B9122EEBFC600943CB5 /* SinglyLinkedList */ = {
			isa = PBXGroup;
			children = (
				4D4E5B9222EEBFC600943CB5 /* AppDelegate.swift */,
				4D4E5B9422EEBFC600943CB5 /* ViewController.swift */,
				4D4E5B9622EEBFC600943CB5 /* Main.storyboard */,
				4D4E5B9922EEBFC700943CB5 /* Assets.xcassets */,
				4D4E5B9B22EEBFC700943CB5 /* LaunchScreen.storyboard */,
				4D4E5B9E22EEBFC700943CB5 /* Info.plist */,
				4D4E5BA422EEC03100943CB5 /* NodeClass.swift */,
			);
			path = SinglyLinkedList;
			sourceTree = "<group>";
		};
/* End PBXGroup section */

/* Begin PBXNativeTarget section */
		4D4E5B8E22EEBFC600943CB5 /* SinglyLinkedList */ = {
			isa = PBXNativeTarget;
			buildConfigurationList = 4D4E5BA122EEBFC700943CB5 /* Build configuration list for PBXNativeTarget "SinglyLinkedList" */;
			buildPhases = (
				4D4E5B8B22EEBFC600943CB5 /* Sources */,
				4D4E5B8C22EEBFC600943CB5 /* Frameworks */,
				4D4E5B8D22EEBFC600943CB5 /* Resources */,
			);
			buildRules = (
			);
			dependencies = (
			);
			name = SinglyLinkedList;
			productName = SinglyLinkedList;
			productReference = 4D4E5B8F22EEBFC600943CB5 /* SinglyLinkedList.app */;
			productType = "com.apple.product-type.application";
		};
/* End PBXNativeTarget section */

/* Begin PBXProject section */
		4D4E5B8722EEBFC600943CB5 /* Project object */ = {
			isa = PBXProject;
			attributes = {
				LastSwiftUpdateCheck = 1020;
				LastUpgradeCheck = 1020;
				ORGANIZATIONNAME = "Aarti Patil";
				TargetAttributes = {
					4D4E5B8E22EEBFC600943CB5 = {
						CreatedOnToolsVersion = 10.2;
					};
				};
			};
			buildConfigurationList = 4D4E5B8A22EEBFC600943CB5 /* Build configuration list for PBXProject "SinglyLinkedList" */;
			compatibilityVersion = "Xcode 9.3";
			developmentRegion = en;
			hasScannedForEncodings = 0;
			knownRegions = (
				en,
				Base,
			);
			mainGroup = 4D4E5B8622EEBFC600943CB5;
			productRefGroup = 4D4E5B9022EEBFC600943CB5 /* Products */;
			projectDirPath = "";
			projectRoot = "";
			targets = (
				4D4E5B8E22EEBFC600943CB5 /* SinglyLinkedList */,
			);
		};
/* End PBXProject section */

/* Begin PBXResourcesBuildPhase section */
		4D4E5B8D22EEBFC600943CB5 /* Resources */ = {
			isa = PBXResourcesBuildPhase;
			buildActionMask = 2147483647;
			files = (
				4D4E5B9D22EEBFC700943CB5 /* LaunchScreen.storyboard in Resources */,
				4D4E5B9A22EEBFC700943CB5 /* Assets.xcassets in Resources */,
				4D4E5B9822EEBFC600943CB5 /* Main.storyboard in Resources */,
			);
			runOnlyForDeploymentPostprocessing = 0;
		};
/* End PBXResourcesBuildPhase section */

/* Begin PBXSourcesBuildPhase section */
		4D4E5B8B22EEBFC600943CB5 /* Sources */ = {
			isa = PBXSourcesBuildPhase;
			buildActionMask = 2147483647;
			files = (
				4D4E5BA522EEC03100943CB5 /* NodeClass.swift in Sources */,
				4D4E5B9522EEBFC600943CB5 /* ViewController.swift in Sources */,
				4D4E5B9322EEBFC600943CB5 /* AppDelegate.swift in Sources */,
			);
			runOnlyForDeploymentPostprocessing = 0;
		};
/* End PBXSourcesBuildPhase section */

/* Begin PBXVariantGroup section */
		4D4E5B9622EEBFC600943CB5 /* Main.storyboard */ = {
			isa = PBXVariantGroup;
			children = (
				4D4E5B9722EEBFC600943CB5 /* Base */,
			);
			name = Main.storyboard;
			sourceTree = "<group>";
		};
		4D4E5B9B22EEBFC700943CB5 /* LaunchScreen.storyboard */ = {
			isa = PBXVariantGroup;
			children = (
				4D4E5B9C22EEBFC700943CB5 /* Base */,
			);
			name = LaunchScreen.storyboard;
			sourceTree = "<group>";
		};
/* End PBXVariantGroup section */

/* Begin XCBuildConfiguration section */
		4D4E5B9F22EEBFC700943CB5 /* Debug */ = {
			isa = XCBuildConfiguration;
			buildSettings = {
				ALWAYS_SEARCH_USER_PATHS = NO;
				CLANG_ANALYZER_NONNULL = YES;
				CLANG_ANALYZER_NUMBER_OBJECT_CONVERSION = YES_AGGRESSIVE;
				CLANG_CXX_LANGUAGE_STANDARD = "gnu++14";
				CLANG_CXX_LIBRARY = "libc++";
				CLANG_ENABLE_MODULES = YES;
				CLANG_ENABLE_OBJC_ARC = YES;
				CLANG_ENABLE_OBJC_WEAK = YES;
				CLANG_WARN_BLOCK_CAPTURE_AUTORELEASING = YES;
				CLANG_WARN_BOOL_CONVERSION = YES;
				CLANG_WARN_COMMA = YES;
				CLANG_WARN_CONSTANT_CONVERSION = YES;
				CLANG_WARN_DEPRECATED_OBJC_IMPLEMENTATIONS = YES;
				CLANG_WARN_DIRECT_OBJC_ISA_USAGE = YES_ERROR;
				CLANG_WARN_DOCUMENTATION_COMMENTS = YES;
				CLANG_WARN_EMPTY_BODY = YES;
				CLANG_WARN_ENUM_CONVERSION = YES;
				CLANG_WARN_INFINITE_RECURSION = YES;
				CLANG_WARN_INT_CONVERSION = YES;
				CLANG_WARN_NON_LITERAL_NULL_CONVERSION = YES;
				CLANG_WARN_OBJC_IMPLICIT_RETAIN_SELF = YES;
				CLANG_WARN_OBJC_LITERAL_CONVERSION = YES;
				CLANG_WARN_OBJC_ROOT_CLASS = YES_ERROR;
				CLANG_WARN_RANGE_LOOP_ANALYSIS = YES;
				CLANG_WARN_STRICT_PROTOTYPES = YES;
				CLANG_WARN_SUSPICIOUS_MOVE = YES;
				CLANG_WARN_UNGUARDED_AVAILABILITY = YES_AGGRESSIVE;
				CLANG_WARN_UNREACHABLE_CODE = YES;
				CLANG_WARN__DUPLICATE_METHOD_MATCH = YES;
				CODE_SIGN_IDENTITY = "iPhone Developer";
				COPY_PHASE_STRIP = NO;
				DEBUG_INFORMATION_FORMAT = dwarf;
				ENABLE_STRICT_OBJC_MSGSEND = YES;
				ENABLE_TESTABILITY = YES;
				GCC_C_LANGUAGE_STANDARD = gnu11;
				GCC_DYNAMIC_NO_PIC = NO;
				GCC_NO_COMMON_BLOCKS = YES;
				GCC_OPTIMIZATION_LEVEL = 0;
				GCC_PREPROCESSOR_DEFINITIONS = (
					"DEBUG=1",
					"$(inherited)",
				);
				GCC_WARN_64_TO_32_BIT_CONVERSION = YES;
				GCC_WARN_ABOUT_RETURN_TYPE = YES_ERROR;
				GCC_WARN_UNDECLARED_SELECTOR = YES;
				GCC_WARN_UNINITIALIZED_AUTOS = YES_AGGRESSIVE;
				GCC_WARN_UNUSED_FUNCTION = YES;
				GCC_WARN_UNUSED_VARIABLE = YES;
				IPHONEOS_DEPLOYMENT_TARGET = 12.2;
				MTL_ENABLE_DEBUG_INFO = INCLUDE_SOURCE;
				MTL_FAST_MATH = YES;
				ONLY_ACTIVE_ARCH = YES;
				SDKROOT = iphoneos;
				SWIFT_ACTIVE_COMPILATION_CONDITIONS = DEBUG;
				SWIFT_OPTIMIZATION_LEVEL = "-Onone";
			};
			name = Debug;
		};
		4D4E5BA022EEBFC700943CB5 /* Release */ = {
			isa = XCBuildConfiguration;
			buildSettings = {
				ALWAYS_SEARCH_USER_PATHS = NO;
				CLANG_ANALYZER_NONNULL = YES;
				CLANG_ANALYZER_NUMBER_OBJECT_CONVERSION = YES_AGGRESSIVE;
				CLANG_CXX_LANGUAGE_STANDARD = "gnu++14";
				CLANG_CXX_LIBRARY = "libc++";
				CLANG_ENABLE_MODULES = YES;
				CLANG_ENABLE_OBJC_ARC = YES;
				CLANG_ENABLE_OBJC_WEAK = YES;
				CLANG_WARN_BLOCK_CAPTURE_AUTORELEASING = YES;
				CLANG_WARN_BOOL_CONVERSION = YES;
				CLANG_WARN_COMMA = YES;
				CLANG_WARN_CONSTANT_CONVERSION = YES;
				CLANG_WARN_DEPRECATED_OBJC_IMPLEMENTATIONS = YES;
				CLANG_WARN_DIRECT_OBJC_ISA_USAGE = YES_ERROR;
				CLANG_WARN_DOCUMENTATION_COMMENTS = YES;
				CLANG_WARN_EMPTY_BODY = YES;
				CLANG_WARN_ENUM_CONVERSION = YES;
				CLANG_WARN_INFINITE_RECURSION = YES;
				CLANG_WARN_INT_CONVERSION = YES;
				CLANG_WARN_NON_LITERAL_NULL_CONVERSION = YES;
				CLANG_WARN_OBJC_IMPLICIT_RETAIN_SELF = YES;
				CLANG_WARN_OBJC_LITERAL_CONVERSION = YES;
				CLANG_WARN_OBJC_ROOT_CLASS = YES_ERROR;
				CLANG_WARN_RANGE_LOOP_ANALYSIS = YES;
				CLANG_WARN_STRICT_PROTOTYPES = YES;
				CLANG_WARN_SUSPICIOUS_MOVE = YES;
				CLANG_WARN_UNGUARDED_AVAILABILITY = YES_AGGRESSIVE;
				CLANG_WARN_UNREACHABLE_CODE = YES;
				CLANG_WARN__DUPLICATE_METHOD_MATCH = YES;
				CODE_SIGN_IDENTITY = "iPhone Developer";
				COPY_PHASE_STRIP = NO;
				DEBUG_INFORMATION_FORMAT = "dwarf-with-dsym";
				ENABLE_NS_ASSERTIONS = NO;
				ENABLE_STRICT_OBJC_MSGSEND = YES;
				GCC_C_LANGUAGE_STANDARD = gnu11;
				GCC_NO_COMMON_BLOCKS = YES;
				GCC_WARN_64_TO_32_BIT_CONVERSION = YES;
				GCC_WARN_ABOUT_RETURN_TYPE = YES_ERROR;
				GCC_WARN_UNDECLARED_SELECTOR = YES;
				GCC_WARN_UNINITIALIZED_AUTOS = YES_AGGRESSIVE;
				GCC_WARN_UNUSED_FUNCTION = YES;
				GCC_WARN_UNUSED_VARIABLE = YES;
				IPHONEOS_DEPLOYMENT_TARGET = 12.2;
				MTL_ENABLE_DEBUG_INFO = NO;
				MTL_FAST_MATH = YES;
				SDKROOT = iphoneos;
				SWIFT_COMPILATION_MODE = wholemodule;
				SWIFT_OPTIMIZATION_LEVEL = "-O";
				VALIDATE_PRODUCT = YES;
			};
			name = Release;
		};
		4D4E5BA222EEBFC700943CB5 /* Debug */ = {
			isa = XCBuildConfiguration;
			buildSettings = {
				ASSETCATALOG_COMPILER_APPICON_NAME = AppIcon;
				CODE_SIGN_STYLE = Automatic;
				INFOPLIST_FILE = SinglyLinkedList/Info.plist;
				LD_RUNPATH_SEARCH_PATHS = (
					"$(inherited)",
					"@executable_path/Frameworks",
				);
				PRODUCT_BUNDLE_IDENTIFIER = com.sneharke.SinglyLikedList;
				PRODUCT_NAME = "$(TARGET_NAME)";
				SWIFT_VERSION = 5.0;
				TARGETED_DEVICE_FAMILY = "1,2";
			};
			name = Debug;
		};
		4D4E5BA322EEBFC700943CB5 /* Release */ = {
			isa = XCBuildConfiguration;
			buildSettings = {
				ASSETCATALOG_COMPILER_APPICON_NAME = AppIcon;
				CODE_SIGN_STYLE = Automatic;
				INFOPLIST_FILE = SinglyLinkedList/Info.plist;
				LD_RUNPATH_SEARCH_PATHS = (
					"$(inherited)",
					"@executable_path/Frameworks",
				);
				PRODUCT_BUNDLE_IDENTIFIER = com.sneharke.SinglyLikedList;
				PRODUCT_NAME = "$(TARGET_NAME)";
				SWIFT_VERSION = 5.0;
				TARGETED_DEVICE_FAMILY = "1,2";
			};
			name = Release;
		};
/* End XCBuildConfiguration section */

/* Begin XCConfigurationList section */
		4D4E5B8A22EEBFC600943CB5 /* Build configuration list for PBXProject "SinglyLinkedList" */ = {
			isa = XCConfigurationList;
			buildConfigurations = (
				4D4E5B9F22EEBFC700943CB5 /* Debug */,
				4D4E5BA022EEBFC700943CB5 /* Release */,
			);
			defaultConfigurationIsVisible = 0;
			defaultConfigurationName = Release;
		};
		4D4E5BA122EEBFC700943CB5 /* Build configuration list for PBXNativeTarget "SinglyLinkedList" */ = {
			isa = XCConfigurationList;
			buildConfigurations = (
				4D4E5BA222EEBFC700943CB5 /* Debug */,
				4D4E5BA322EEBFC700943CB5 /* Release */,
			);
			defaultConfigurationIsVisible = 0;
			defaultConfigurationName = Release;
		};
/* End XCConfigurationList section */
	};
	rootObject = 4D4E5B8722EEBFC600943CB5 /* Project object */;
}
